
Microsoft Visual Studio Solution File, Format Version 12.00
Project("{FAE04EC0-301F-11D3-BF4B-00C04F79EFBC}") = "Lisova.WebAPI", "Lisova.WebAPI\Lisova.WebAPI.csproj", "{37753DDD-402D-4B5C-BC49-7ED6C1A2088E}"
EndProject
Project("{FAE04EC0-301F-11D3-BF4B-00C04F79EFBC}") = "Lisova.Services", "Lisova.Services\Lisova.Services.csproj", "{BDFD4394-663D-44F2-9C04-A60EB5B40963}"
EndProject
Project("{FAE04EC0-301F-11D3-BF4B-00C04F79EFBC}") = "Lisova.Services.Context", "Lisova.Services.Context\Lisova.Services.Context.csproj", "{91AE77E5-99C4-4060-B3A3-6577CDC0A4F5}"
EndProject
Project("{FAE04EC0-301F-11D3-BF4B-00C04F79EFBC}") = "Lisova.Services.Tests", "Lisova.Services.Tests\Lisova.Services.Tests.csproj", "{D282826B-3066-4516-BAB9-06BF108558DD}"
EndProject
Global
	GlobalSection(SolutionConfigurationPlatforms) = preSolution
		Debug|Any CPU = Debug|Any CPU
		Release|Any CPU = Release|Any CPU
	EndGlobalSection
	GlobalSection(ProjectConfigurationPlatforms) = postSolution
		{37753DDD-402D-4B5C-BC49-7ED6C1A2088E}.Debug|Any CPU.ActiveCfg = Debug|Any CPU
		{37753DDD-402D-4B5C-BC49-7ED6C1A2088E}.Debug|Any CPU.Build.0 = Debug|Any CPU
		{37753DDD-402D-4B5C-BC49-7ED6C1A2088E}.Release|Any CPU.ActiveCfg = Release|Any CPU
		{37753DDD-402D-4B5C-BC49-7ED6C1A2088E}.Release|Any CPU.Build.0 = Release|Any CPU
		{BDFD4394-663D-44F2-9C04-A60EB5B40963}.Debug|Any CPU.ActiveCfg = Debug|Any CPU
		{BDFD4394-663D-44F2-9C04-A60EB5B40963}.Debug|Any CPU.Build.0 = Debug|Any CPU
		{BDFD4394-663D-44F2-9C04-A60EB5B40963}.Release|Any CPU.ActiveCfg = Release|Any CPU
		{BDFD4394-663D-44F2-9C04-A60EB5B40963}.Release|Any CPU.Build.0 = Release|Any CPU
		{91AE77E5-99C4-4060-B3A3-6577CDC0A4F5}.Debug|Any CPU.ActiveCfg = Debug|Any CPU
		{91AE77E5-99C4-4060-B3A3-6577CDC0A4F5}.Debug|Any CPU.Build.0 = Debug|Any CPU
		{91AE77E5-99C4-4060-B3A3-6577CDC0A4F5}.Release|Any CPU.ActiveCfg = Release|Any CPU
		{91AE77E5-99C4-4060-B3A3-6577CDC0A4F5}.Release|Any CPU.Build.0 = Release|Any CPU
		{D282826B-3066-4516-BAB9-06BF108558DD}.Debug|Any CPU.ActiveCfg = Debug|Any CPU
		{D282826B-3066-4516-BAB9-06BF108558DD}.Debug|Any CPU.Build.0 = Debug|Any CPU
		{D282826B-3066-4516-BAB9-06BF108558DD}.Release|Any CPU.ActiveCfg = Release|Any CPU
		{D282826B-3066-4516-BAB9-06BF108558DD}.Release|Any CPU.Build.0 = Release|Any CPU
	EndGlobalSection
EndGlobal
